
Microsoft Visual Studio Solution File, Format Version 12.00
# Visual Studio Version 17
VisualStudioVersion = 17.4.33213.308
MinimumVisualStudioVersion = 10.0.40219.1
Project("{FAE04EC0-301F-11D3-BF4B-00C04F79EFBC}") = "CalifornianHealthMonolithic", "CalifornianHealthMonolithic\CalifornianHealthMonolithic.csproj", "{5FD042A3-4E83-4972-B98A-48CC6157F165}"
EndProject
Project("{FAE04EC0-301F-11D3-BF4B-00C04F79EFBC}") = "CalifornianHealthMonolithic.API", "CalifornianHealthMonolithic.API\CalifornianHealthMonolithic.API.csproj", "{C44F6EF5-424F-4C75-93B2-C3E6B9D07FBA}"
EndProject
Project("{D954291E-2A0B-460D-934E-DC6B0785DB48}") = "CalifornianHealthMonolithic.Shared", "CalifornianHealthMonolithic.Shared\CalifornianHealthMonolithic.Shared.shproj", "{E1D7B64D-24F3-4741-A98F-9EAFE046624E}"
EndProject
Global
	GlobalSection(SolutionConfigurationPlatforms) = preSolution
		Debug|Any CPU = Debug|Any CPU
		Release|Any CPU = Release|Any CPU
	EndGlobalSection
	GlobalSection(ProjectConfigurationPlatforms) = postSolution
		{5FD042A3-4E83-4972-B98A-48CC6157F165}.Debug|Any CPU.ActiveCfg = Debug|Any CPU
		{5FD042A3-4E83-4972-B98A-48CC6157F165}.Debug|Any CPU.Build.0 = Debug|Any CPU
		{5FD042A3-4E83-4972-B98A-48CC6157F165}.Release|Any CPU.ActiveCfg = Release|Any CPU
		{5FD042A3-4E83-4972-B98A-48CC6157F165}.Release|Any CPU.Build.0 = Release|Any CPU
		{C44F6EF5-424F-4C75-93B2-C3E6B9D07FBA}.Debug|Any CPU.ActiveCfg = Debug|Any CPU
		{C44F6EF5-424F-4C75-93B2-C3E6B9D07FBA}.Debug|Any CPU.Build.0 = Debug|Any CPU
		{C44F6EF5-424F-4C75-93B2-C3E6B9D07FBA}.Release|Any CPU.ActiveCfg = Release|Any CPU
		{C44F6EF5-424F-4C75-93B2-C3E6B9D07FBA}.Release|Any CPU.Build.0 = Release|Any CPU
	EndGlobalSection
	GlobalSection(SolutionProperties) = preSolution
		HideSolutionNode = FALSE
	EndGlobalSection
	GlobalSection(ExtensibilityGlobals) = postSolution
		SolutionGuid = {CBD20FA8-46A6-402A-BD5B-8245048657E4}
	EndGlobalSection
	GlobalSection(SharedMSBuildProjectFiles) = preSolution
		CalifornianHealthMonolithic.Shared\CalifornianHealthMonolithic.Shared.projitems*{5fd042a3-4e83-4972-b98a-48cc6157f165}*SharedItemsImports = 4
		CalifornianHealthMonolithic.Shared\CalifornianHealthMonolithic.Shared.projitems*{c44f6ef5-424f-4c75-93b2-c3e6b9d07fba}*SharedItemsImports = 5
		CalifornianHealthMonolithic.Shared\CalifornianHealthMonolithic.Shared.projitems*{e1d7b64d-24f3-4741-a98f-9eafe046624e}*SharedItemsImports = 13
	EndGlobalSection
EndGlobal
