
Microsoft Visual Studio Solution File, Format Version 12.00
# Visual Studio Version 17
VisualStudioVersion = 17.4.33213.308
MinimumVisualStudioVersion = 10.0.40219.1
Project("{FAE04EC0-301F-11D3-BF4B-00C04F79EFBC}") = "CalifornianHealthMonolithic.WebApp", "CalifornianHealthMonolithic.WebApp\CalifornianHealthMonolithic.WebApp.csproj", "{D7DA63F1-8B0F-49C3-B10D-455CF00C1956}"
EndProject
Project("{FAE04EC0-301F-11D3-BF4B-00C04F79EFBC}") = "CalifornianHealthMonolithic.Shared", "CalifornianHealthMonolithic.Shared\CalifornianHealthMonolithic.Shared.csproj", "{D009FC7D-CBEA-432C-840E-D84DDED46DA6}"
EndProject
Project("{FAE04EC0-301F-11D3-BF4B-00C04F79EFBC}") = "CalifornianHealthMonolithic.APIBooking", "CalifornianHealthMonolithic.APIBooking\CalifornianHealthMonolithic.APIBooking.csproj", "{0444F958-51FC-4C8F-BC37-BEBDF98DD32E}"
EndProject
Project("{FAE04EC0-301F-11D3-BF4B-00C04F79EFBC}") = "CalifornianHealthMonolithic.Data", "CalifornianHealthMonolithic.Data\CalifornianHealthMonolithic.Data.csproj", "{2EB58476-E283-436E-986C-7FA30FBEFE94}"
EndProject
Project("{FAE04EC0-301F-11D3-BF4B-00C04F79EFBC}") = "CalifornianHealthMonolithic.APIConsultant", "CalifornianHealthMonolithic.APIConsultant\CalifornianHealthMonolithic.APIConsultant.csproj", "{4DEAACDF-38B0-4072-96FD-56732D9465A4}"
EndProject
Project("{FAE04EC0-301F-11D3-BF4B-00C04F79EFBC}") = "CalifornianHealthMonolithic.Tests", "CalifornianHealthMonolithic.Tests\CalifornianHealthMonolithic.Tests.csproj", "{C17E247B-A04A-4C7E-ADE5-BE92791BC483}"
EndProject
Global
	GlobalSection(SolutionConfigurationPlatforms) = preSolution
		Debug|Any CPU = Debug|Any CPU
		Release|Any CPU = Release|Any CPU
	EndGlobalSection
	GlobalSection(ProjectConfigurationPlatforms) = postSolution
		{D7DA63F1-8B0F-49C3-B10D-455CF00C1956}.Debug|Any CPU.ActiveCfg = Debug|Any CPU
		{D7DA63F1-8B0F-49C3-B10D-455CF00C1956}.Debug|Any CPU.Build.0 = Debug|Any CPU
		{D7DA63F1-8B0F-49C3-B10D-455CF00C1956}.Release|Any CPU.ActiveCfg = Release|Any CPU
		{D7DA63F1-8B0F-49C3-B10D-455CF00C1956}.Release|Any CPU.Build.0 = Release|Any CPU
		{D009FC7D-CBEA-432C-840E-D84DDED46DA6}.Debug|Any CPU.ActiveCfg = Debug|Any CPU
		{D009FC7D-CBEA-432C-840E-D84DDED46DA6}.Debug|Any CPU.Build.0 = Debug|Any CPU
		{D009FC7D-CBEA-432C-840E-D84DDED46DA6}.Release|Any CPU.ActiveCfg = Release|Any CPU
		{D009FC7D-CBEA-432C-840E-D84DDED46DA6}.Release|Any CPU.Build.0 = Release|Any CPU
		{0444F958-51FC-4C8F-BC37-BEBDF98DD32E}.Debug|Any CPU.ActiveCfg = Debug|Any CPU
		{0444F958-51FC-4C8F-BC37-BEBDF98DD32E}.Debug|Any CPU.Build.0 = Debug|Any CPU
		{0444F958-51FC-4C8F-BC37-BEBDF98DD32E}.Release|Any CPU.ActiveCfg = Release|Any CPU
		{0444F958-51FC-4C8F-BC37-BEBDF98DD32E}.Release|Any CPU.Build.0 = Release|Any CPU
		{2EB58476-E283-436E-986C-7FA30FBEFE94}.Debug|Any CPU.ActiveCfg = Debug|Any CPU
		{2EB58476-E283-436E-986C-7FA30FBEFE94}.Debug|Any CPU.Build.0 = Debug|Any CPU
		{2EB58476-E283-436E-986C-7FA30FBEFE94}.Release|Any CPU.ActiveCfg = Release|Any CPU
		{2EB58476-E283-436E-986C-7FA30FBEFE94}.Release|Any CPU.Build.0 = Release|Any CPU
		{4DEAACDF-38B0-4072-96FD-56732D9465A4}.Debug|Any CPU.ActiveCfg = Debug|Any CPU
		{4DEAACDF-38B0-4072-96FD-56732D9465A4}.Debug|Any CPU.Build.0 = Debug|Any CPU
		{4DEAACDF-38B0-4072-96FD-56732D9465A4}.Release|Any CPU.ActiveCfg = Release|Any CPU
		{4DEAACDF-38B0-4072-96FD-56732D9465A4}.Release|Any CPU.Build.0 = Release|Any CPU
		{C17E247B-A04A-4C7E-ADE5-BE92791BC483}.Debug|Any CPU.ActiveCfg = Debug|Any CPU
		{C17E247B-A04A-4C7E-ADE5-BE92791BC483}.Debug|Any CPU.Build.0 = Debug|Any CPU
		{C17E247B-A04A-4C7E-ADE5-BE92791BC483}.Release|Any CPU.ActiveCfg = Release|Any CPU
		{C17E247B-A04A-4C7E-ADE5-BE92791BC483}.Release|Any CPU.Build.0 = Release|Any CPU
	EndGlobalSection
	GlobalSection(SolutionProperties) = preSolution
		HideSolutionNode = FALSE
	EndGlobalSection
	GlobalSection(ExtensibilityGlobals) = postSolution
		SolutionGuid = {CBD20FA8-46A6-402A-BD5B-8245048657E4}
	EndGlobalSection
	GlobalSection(SharedMSBuildProjectFiles) = preSolution
		CalifornianHealthMonolithic.Shared\CalifornianHealthMonolithic.Shared.projitems*{5fd042a3-4e83-4972-b98a-48cc6157f165}*SharedItemsImports = 4
		CalifornianHealthMonolithic.Shared\CalifornianHealthMonolithic.Shared.projitems*{c44f6ef5-424f-4c75-93b2-c3e6b9d07fba}*SharedItemsImports = 5
		CalifornianHealthMonolithic.Shared\CalifornianHealthMonolithic.Shared.projitems*{e1d7b64d-24f3-4741-a98f-9eafe046624e}*SharedItemsImports = 13
	EndGlobalSection
EndGlobal
